
Microsoft Visual Studio Solution File, Format Version 12.00
# Visual Studio Version 16
VisualStudioVersion = 16.0.31702.278
MinimumVisualStudioVersion = 10.0.40219.1
Project("{FAE04EC0-301F-11D3-BF4B-00C04F79EFBC}") = "WpfFocusTab", "WpfFocusTab\WpfFocusTab.csproj", "{B9D482C4-FB8E-4628-BFFD-4BF36F1C7C33}"
EndProject
Project("{FAE04EC0-301F-11D3-BF4B-00C04F79EFBC}") = "Wpfnotepad", "Wpfnotepad\Wpfnotepad.csproj", "{A352FE3A-630F-40C6-8ABB-9AF6BF1DBD4C}"
EndProject
Global
	GlobalSection(SolutionConfigurationPlatforms) = preSolution
		Debug|Any CPU = Debug|Any CPU
		Release|Any CPU = Release|Any CPU
	EndGlobalSection
	GlobalSection(ProjectConfigurationPlatforms) = postSolution
		{B9D482C4-FB8E-4628-BFFD-4BF36F1C7C33}.Debug|Any CPU.ActiveCfg = Debug|Any CPU
		{B9D482C4-FB8E-4628-BFFD-4BF36F1C7C33}.Debug|Any CPU.Build.0 = Debug|Any CPU
		{B9D482C4-FB8E-4628-BFFD-4BF36F1C7C33}.Release|Any CPU.ActiveCfg = Release|Any CPU
		{B9D482C4-FB8E-4628-BFFD-4BF36F1C7C33}.Release|Any CPU.Build.0 = Release|Any CPU
		{A352FE3A-630F-40C6-8ABB-9AF6BF1DBD4C}.Debug|Any CPU.ActiveCfg = Debug|Any CPU
		{A352FE3A-630F-40C6-8ABB-9AF6BF1DBD4C}.Debug|Any CPU.Build.0 = Debug|Any CPU
		{A352FE3A-630F-40C6-8ABB-9AF6BF1DBD4C}.Release|Any CPU.ActiveCfg = Release|Any CPU
		{A352FE3A-630F-40C6-8ABB-9AF6BF1DBD4C}.Release|Any CPU.Build.0 = Release|Any CPU
	EndGlobalSection
	GlobalSection(SolutionProperties) = preSolution
		HideSolutionNode = FALSE
	EndGlobalSection
	GlobalSection(ExtensibilityGlobals) = postSolution
		SolutionGuid = {1AB2D131-E1AA-4510-B068-9CB30D1B4247}
	EndGlobalSection
EndGlobal
